
Microsoft Visual Studio Solution File, Format Version 12.00
# Visual Studio 2013
VisualStudioVersion = 12.0.21005.1
MinimumVisualStudioVersion = 10.0.40219.1
Project("{FAE04EC0-301F-11D3-BF4B-00C04F79EFBC}") = "Auitomated Weather Storage", "Auitomated Weather Storage\Auitomated Weather Storage.csproj", "{912EF64D-F77A-4441-B0B2-2AB0AFE93433}"
EndProject
Global
	GlobalSection(SolutionConfigurationPlatforms) = preSolution
		Debug|Any CPU = Debug|Any CPU
		Release|Any CPU = Release|Any CPU
	EndGlobalSection
	GlobalSection(ProjectConfigurationPlatforms) = postSolution
		{912EF64D-F77A-4441-B0B2-2AB0AFE93433}.Debug|Any CPU.ActiveCfg = Debug|Any CPU
		{912EF64D-F77A-4441-B0B2-2AB0AFE93433}.Debug|Any CPU.Build.0 = Debug|Any CPU
		{912EF64D-F77A-4441-B0B2-2AB0AFE93433}.Release|Any CPU.ActiveCfg = Release|Any CPU
		{912EF64D-F77A-4441-B0B2-2AB0AFE93433}.Release|Any CPU.Build.0 = Release|Any CPU
	EndGlobalSection
	GlobalSection(SolutionProperties) = preSolution
		HideSolutionNode = FALSE
	EndGlobalSection
EndGlobal
